
Microsoft Visual Studio Solution File, Format Version 12.00
# Visual Studio 15
VisualStudioVersion = 15.0.28307.705
MinimumVisualStudioVersion = 10.0.40219.1
Project("{FAE04EC0-301F-11D3-BF4B-00C04F79EFBC}") = "WordPressKata", "src\WordPressKata\WordPressKata.csproj", "{137CE5E0-9162-4973-BC5B-BF9701FB8EDA}"
EndProject
Project("{FAE04EC0-301F-11D3-BF4B-00C04F79EFBC}") = "WordPressKata.Tests", "tests\WordPressKata.Tests\WordPressKata.Tests.csproj", "{8E885527-51D4-417B-ACE1-8271C9F846C9}"
EndProject
Project("{2150E333-8FDC-42A3-9474-1A3956D46DE8}") = "Solution Items", "Solution Items", "{FAC97199-252F-4E36-8FBC-D380B9E77244}"
	ProjectSection(SolutionItems) = preProject
		README.md = README.md
	EndProjectSection
EndProject
Global
	GlobalSection(SolutionConfigurationPlatforms) = preSolution
		Debug|Any CPU = Debug|Any CPU
		Release|Any CPU = Release|Any CPU
	EndGlobalSection
	GlobalSection(ProjectConfigurationPlatforms) = postSolution
		{137CE5E0-9162-4973-BC5B-BF9701FB8EDA}.Debug|Any CPU.ActiveCfg = Debug|Any CPU
		{137CE5E0-9162-4973-BC5B-BF9701FB8EDA}.Debug|Any CPU.Build.0 = Debug|Any CPU
		{137CE5E0-9162-4973-BC5B-BF9701FB8EDA}.Release|Any CPU.ActiveCfg = Release|Any CPU
		{137CE5E0-9162-4973-BC5B-BF9701FB8EDA}.Release|Any CPU.Build.0 = Release|Any CPU
		{8E885527-51D4-417B-ACE1-8271C9F846C9}.Debug|Any CPU.ActiveCfg = Debug|Any CPU
		{8E885527-51D4-417B-ACE1-8271C9F846C9}.Debug|Any CPU.Build.0 = Debug|Any CPU
		{8E885527-51D4-417B-ACE1-8271C9F846C9}.Release|Any CPU.ActiveCfg = Release|Any CPU
		{8E885527-51D4-417B-ACE1-8271C9F846C9}.Release|Any CPU.Build.0 = Release|Any CPU
	EndGlobalSection
	GlobalSection(SolutionProperties) = preSolution
		HideSolutionNode = FALSE
	EndGlobalSection
	GlobalSection(ExtensibilityGlobals) = postSolution
		SolutionGuid = {F2DE0047-09CC-4FCD-87F9-26B90E18E8D9}
	EndGlobalSection
EndGlobal
